
Microsoft Visual Studio Solution File, Format Version 12.00
# Visual Studio Version 17
VisualStudioVersion = 17.8.34309.116
MinimumVisualStudioVersion = 10.0.40219.1
Project("{FAE04EC0-301F-11D3-BF4B-00C04F79EFBC}") = "Department", "Department\Department.csproj", "{02C3582F-EC9A-4E1A-9DE8-351355F68327}"
EndProject
Global
	GlobalSection(SolutionConfigurationPlatforms) = preSolution
		Debug|Any CPU = Debug|Any CPU
		Release|Any CPU = Release|Any CPU
	EndGlobalSection
	GlobalSection(ProjectConfigurationPlatforms) = postSolution
		{02C3582F-EC9A-4E1A-9DE8-351355F68327}.Debug|Any CPU.ActiveCfg = Debug|Any CPU
		{02C3582F-EC9A-4E1A-9DE8-351355F68327}.Debug|Any CPU.Build.0 = Debug|Any CPU
		{02C3582F-EC9A-4E1A-9DE8-351355F68327}.Release|Any CPU.ActiveCfg = Release|Any CPU
		{02C3582F-EC9A-4E1A-9DE8-351355F68327}.Release|Any CPU.Build.0 = Release|Any CPU
	EndGlobalSection
	GlobalSection(SolutionProperties) = preSolution
		HideSolutionNode = FALSE
	EndGlobalSection
	GlobalSection(ExtensibilityGlobals) = postSolution
		SolutionGuid = {8D26A694-4EEB-4B4B-92C2-E7423A9EC9B4}
	EndGlobalSection
EndGlobal
